
Microsoft Visual Studio Solution File, Format Version 12.00
# Visual Studio Version 17
VisualStudioVersion = 17.8.34316.72
MinimumVisualStudioVersion = 10.0.40219.1
Project("{FAE04EC0-301F-11D3-BF4B-00C04F79EFBC}") = "Example 22-Static Attrribute ConsoleApp", "Example 22-Static Attrribute ConsoleApp.csproj", "{9AC825A3-1E2E-4D7C-87A1-8CE50971CF95}"
EndProject
Global
	GlobalSection(SolutionConfigurationPlatforms) = preSolution
		Debug|Any CPU = Debug|Any CPU
		Release|Any CPU = Release|Any CPU
	EndGlobalSection
	GlobalSection(ProjectConfigurationPlatforms) = postSolution
		{9AC825A3-1E2E-4D7C-87A1-8CE50971CF95}.Debug|Any CPU.ActiveCfg = Debug|Any CPU
		{9AC825A3-1E2E-4D7C-87A1-8CE50971CF95}.Debug|Any CPU.Build.0 = Debug|Any CPU
		{9AC825A3-1E2E-4D7C-87A1-8CE50971CF95}.Release|Any CPU.ActiveCfg = Release|Any CPU
		{9AC825A3-1E2E-4D7C-87A1-8CE50971CF95}.Release|Any CPU.Build.0 = Release|Any CPU
	EndGlobalSection
	GlobalSection(SolutionProperties) = preSolution
		HideSolutionNode = FALSE
	EndGlobalSection
	GlobalSection(ExtensibilityGlobals) = postSolution
		SolutionGuid = {9FCFC218-0A8B-4176-A407-F228222684F2}
	EndGlobalSection
EndGlobal
